
Microsoft Visual Studio Solution File, Format Version 12.00
# Visual Studio 15
VisualStudioVersion = 15.0.28010.2046
MinimumVisualStudioVersion = 10.0.40219.1
Project("{FAE04EC0-301F-11D3-BF4B-00C04F79EFBC}") = "kasa", "kasa\kasa.csproj", "{EA482345-A22D-4989-BE99-921D1D97BFBA}"
EndProject
Global
	GlobalSection(SolutionConfigurationPlatforms) = preSolution
		Debug|Any CPU = Debug|Any CPU
		Release|Any CPU = Release|Any CPU
	EndGlobalSection
	GlobalSection(ProjectConfigurationPlatforms) = postSolution
		{EA482345-A22D-4989-BE99-921D1D97BFBA}.Debug|Any CPU.ActiveCfg = Debug|Any CPU
		{EA482345-A22D-4989-BE99-921D1D97BFBA}.Debug|Any CPU.Build.0 = Debug|Any CPU
		{EA482345-A22D-4989-BE99-921D1D97BFBA}.Release|Any CPU.ActiveCfg = Release|Any CPU
		{EA482345-A22D-4989-BE99-921D1D97BFBA}.Release|Any CPU.Build.0 = Release|Any CPU
	EndGlobalSection
	GlobalSection(SolutionProperties) = preSolution
		HideSolutionNode = FALSE
	EndGlobalSection
	GlobalSection(ExtensibilityGlobals) = postSolution
		SolutionGuid = {145C5756-4268-4769-8E94-032A14805157}
	EndGlobalSection
EndGlobal
