
Microsoft Visual Studio Solution File, Format Version 12.00
# Visual Studio 15
VisualStudioVersion = 15.0.28010.2046
MinimumVisualStudioVersion = 10.0.40219.1
Project("{FAE04EC0-301F-11D3-BF4B-00C04F79EFBC}") = "Break_out", "Break_out\Break_out.csproj", "{AFA81A48-D6EE-4EE0-8958-03A010A1DEB8}"
EndProject
Global
	GlobalSection(SolutionConfigurationPlatforms) = preSolution
		Debug|Any CPU = Debug|Any CPU
		Release|Any CPU = Release|Any CPU
	EndGlobalSection
	GlobalSection(ProjectConfigurationPlatforms) = postSolution
		{AFA81A48-D6EE-4EE0-8958-03A010A1DEB8}.Debug|Any CPU.ActiveCfg = Debug|Any CPU
		{AFA81A48-D6EE-4EE0-8958-03A010A1DEB8}.Debug|Any CPU.Build.0 = Debug|Any CPU
		{AFA81A48-D6EE-4EE0-8958-03A010A1DEB8}.Release|Any CPU.ActiveCfg = Release|Any CPU
		{AFA81A48-D6EE-4EE0-8958-03A010A1DEB8}.Release|Any CPU.Build.0 = Release|Any CPU
	EndGlobalSection
	GlobalSection(SolutionProperties) = preSolution
		HideSolutionNode = FALSE
	EndGlobalSection
	GlobalSection(ExtensibilityGlobals) = postSolution
		SolutionGuid = {49B75608-5A51-40B1-B6D0-4402D5E2E8CF}
	EndGlobalSection
EndGlobal
