
Microsoft Visual Studio Solution File, Format Version 12.00
# Visual Studio 15
VisualStudioVersion = 15.0.28010.2046
MinimumVisualStudioVersion = 10.0.40219.1
Project("{FAE04EC0-301F-11D3-BF4B-00C04F79EFBC}") = "WindowsFormsApp21", "WindowsFormsApp21\WindowsFormsApp21.csproj", "{B662B57C-376D-433A-9F74-9758D64DF780}"
EndProject
Global
	GlobalSection(SolutionConfigurationPlatforms) = preSolution
		Debug|Any CPU = Debug|Any CPU
		Release|Any CPU = Release|Any CPU
	EndGlobalSection
	GlobalSection(ProjectConfigurationPlatforms) = postSolution
		{B662B57C-376D-433A-9F74-9758D64DF780}.Debug|Any CPU.ActiveCfg = Debug|Any CPU
		{B662B57C-376D-433A-9F74-9758D64DF780}.Debug|Any CPU.Build.0 = Debug|Any CPU
		{B662B57C-376D-433A-9F74-9758D64DF780}.Release|Any CPU.ActiveCfg = Release|Any CPU
		{B662B57C-376D-433A-9F74-9758D64DF780}.Release|Any CPU.Build.0 = Release|Any CPU
	EndGlobalSection
	GlobalSection(SolutionProperties) = preSolution
		HideSolutionNode = FALSE
	EndGlobalSection
	GlobalSection(ExtensibilityGlobals) = postSolution
		SolutionGuid = {53AC34F2-8798-40D0-A07B-8A182CF10926}
	EndGlobalSection
EndGlobal
