
Microsoft Visual Studio Solution File, Format Version 12.00
# Visual Studio 15
VisualStudioVersion = 15.0.28010.2046
MinimumVisualStudioVersion = 10.0.40219.1
Project("{FAE04EC0-301F-11D3-BF4B-00C04F79EFBC}") = "2Emrle", "2Emrle\2Emrle.csproj", "{7BB5F892-CCCB-4E88-A2E4-FAA992339FF7}"
EndProject
Global
	GlobalSection(SolutionConfigurationPlatforms) = preSolution
		Debug|Any CPU = Debug|Any CPU
		Release|Any CPU = Release|Any CPU
	EndGlobalSection
	GlobalSection(ProjectConfigurationPlatforms) = postSolution
		{7BB5F892-CCCB-4E88-A2E4-FAA992339FF7}.Debug|Any CPU.ActiveCfg = Debug|Any CPU
		{7BB5F892-CCCB-4E88-A2E4-FAA992339FF7}.Debug|Any CPU.Build.0 = Debug|Any CPU
		{7BB5F892-CCCB-4E88-A2E4-FAA992339FF7}.Release|Any CPU.ActiveCfg = Release|Any CPU
		{7BB5F892-CCCB-4E88-A2E4-FAA992339FF7}.Release|Any CPU.Build.0 = Release|Any CPU
	EndGlobalSection
	GlobalSection(SolutionProperties) = preSolution
		HideSolutionNode = FALSE
	EndGlobalSection
	GlobalSection(ExtensibilityGlobals) = postSolution
		SolutionGuid = {DACF397F-C96C-49BB-82EC-957C1F2E4E0D}
	EndGlobalSection
EndGlobal
